
Microsoft Visual Studio Solution File, Format Version 12.00
# Visual Studio Version 17
VisualStudioVersion = 17.4.33213.308
MinimumVisualStudioVersion = 10.0.40219.1
Project("{FAE04EC0-301F-11D3-BF4B-00C04F79EFBC}") = "BookHub", "BookHub\BookHub.csproj", "{21B664F4-27E0-437D-9AB5-944B425064CD}"
EndProject
Global
	GlobalSection(SolutionConfigurationPlatforms) = preSolution
		Debug|Any CPU = Debug|Any CPU
		Release|Any CPU = Release|Any CPU
	EndGlobalSection
	GlobalSection(ProjectConfigurationPlatforms) = postSolution
		{21B664F4-27E0-437D-9AB5-944B425064CD}.Debug|Any CPU.ActiveCfg = Debug|Any CPU
		{21B664F4-27E0-437D-9AB5-944B425064CD}.Debug|Any CPU.Build.0 = Debug|Any CPU
		{21B664F4-27E0-437D-9AB5-944B425064CD}.Release|Any CPU.ActiveCfg = Release|Any CPU
		{21B664F4-27E0-437D-9AB5-944B425064CD}.Release|Any CPU.Build.0 = Release|Any CPU
	EndGlobalSection
	GlobalSection(SolutionProperties) = preSolution
		HideSolutionNode = FALSE
	EndGlobalSection
	GlobalSection(ExtensibilityGlobals) = postSolution
		SolutionGuid = {2E1A6866-F80E-46AA-AB83-60904345B2E5}
	EndGlobalSection
EndGlobal
